
Microsoft Visual Studio Solution File, Format Version 12.00
Project("{FAE04EC0-301F-11D3-BF4B-00C04F79EFBC}") = "Tipagem-e-Saida-de-dados", "Tipagem-e-Saida-de-dados\Tipagem-e-Saida-de-dados.csproj", "{D9733C88-C23D-4703-AD4F-6BBF47E54E6B}"
EndProject
Global
	GlobalSection(SolutionConfigurationPlatforms) = preSolution
		Debug|Any CPU = Debug|Any CPU
		Release|Any CPU = Release|Any CPU
	EndGlobalSection
	GlobalSection(ProjectConfigurationPlatforms) = postSolution
		{D9733C88-C23D-4703-AD4F-6BBF47E54E6B}.Debug|Any CPU.ActiveCfg = Debug|Any CPU
		{D9733C88-C23D-4703-AD4F-6BBF47E54E6B}.Debug|Any CPU.Build.0 = Debug|Any CPU
		{D9733C88-C23D-4703-AD4F-6BBF47E54E6B}.Release|Any CPU.ActiveCfg = Release|Any CPU
		{D9733C88-C23D-4703-AD4F-6BBF47E54E6B}.Release|Any CPU.Build.0 = Release|Any CPU
	EndGlobalSection
EndGlobal
